
Microsoft Visual Studio Solution File, Format Version 12.00
# Visual Studio Version 17
VisualStudioVersion = 17.5.002.0
MinimumVisualStudioVersion = 10.0.40219.1
Project("{9A19103F-16F7-4668-BE54-9A1E7A4F7556}") = "PUM.Api", "PUM.Api.csproj", "{2CD589B7-8AD0-4DD6-9CFB-64B1EFFD8C0C}"
EndProject
Global
	GlobalSection(SolutionConfigurationPlatforms) = preSolution
		Debug|Any CPU = Debug|Any CPU
		Release|Any CPU = Release|Any CPU
	EndGlobalSection
	GlobalSection(ProjectConfigurationPlatforms) = postSolution
		{2CD589B7-8AD0-4DD6-9CFB-64B1EFFD8C0C}.Debug|Any CPU.ActiveCfg = Debug|Any CPU
		{2CD589B7-8AD0-4DD6-9CFB-64B1EFFD8C0C}.Debug|Any CPU.Build.0 = Debug|Any CPU
		{2CD589B7-8AD0-4DD6-9CFB-64B1EFFD8C0C}.Release|Any CPU.ActiveCfg = Release|Any CPU
		{2CD589B7-8AD0-4DD6-9CFB-64B1EFFD8C0C}.Release|Any CPU.Build.0 = Release|Any CPU
	EndGlobalSection
	GlobalSection(SolutionProperties) = preSolution
		HideSolutionNode = FALSE
	EndGlobalSection
	GlobalSection(ExtensibilityGlobals) = postSolution
		SolutionGuid = {F0601724-E2A5-455C-AA80-EBC634A5A1A4}
	EndGlobalSection
EndGlobal
